
Microsoft Visual Studio Solution File, Format Version 12.00
# Visual Studio Version 16
VisualStudioVersion = 16.0.28922.388
MinimumVisualStudioVersion = 10.0.40219.1
Project("{FAE04EC0-301F-11D3-BF4B-00C04F79EFBC}") = "WSThread", "WSThread\WSThread.csproj", "{1E38098C-8610-4DC1-A91E-4E80295926A9}"
EndProject
Global
	GlobalSection(SolutionConfigurationPlatforms) = preSolution
		Debug|Any CPU = Debug|Any CPU
		Release|Any CPU = Release|Any CPU
	EndGlobalSection
	GlobalSection(ProjectConfigurationPlatforms) = postSolution
		{1E38098C-8610-4DC1-A91E-4E80295926A9}.Debug|Any CPU.ActiveCfg = Debug|Any CPU
		{1E38098C-8610-4DC1-A91E-4E80295926A9}.Debug|Any CPU.Build.0 = Debug|Any CPU
		{1E38098C-8610-4DC1-A91E-4E80295926A9}.Release|Any CPU.ActiveCfg = Release|Any CPU
		{1E38098C-8610-4DC1-A91E-4E80295926A9}.Release|Any CPU.Build.0 = Release|Any CPU
	EndGlobalSection
	GlobalSection(SolutionProperties) = preSolution
		HideSolutionNode = FALSE
	EndGlobalSection
	GlobalSection(ExtensibilityGlobals) = postSolution
		SolutionGuid = {962C8250-DD96-4297-9AD6-72B94F374907}
	EndGlobalSection
EndGlobal
